# This file is automatically @generated by Cargo.
# It is not intended for manual editing.
version = 4

[[package]]
name = "oracleguard-adapter"
version = "0.0.0"
dependencies = [
 "oracleguard-policy",
 "oracleguard-schemas",
]

[[package]]
name = "oracleguard-policy"
version = "0.0.0"
dependencies = [
 "oracleguard-schemas",
]

[[package]]
name = "oracleguard-schemas"
version = "0.0.0"

[[package]]
name = "oracleguard-verifier"
version = "0.0.0"
dependencies = [
 "oracleguard-policy",
 "oracleguard-schemas",
]
